{
  "originHash" : "0029defa6e7081e8c000e12a3e8421016bb5bd1597f456a9b86772a717c3a779",
  "pins" : [
    {
      "identity" : "google-gateway-auth",
      "kind" : "remoteSourceControl",
      "location" : "https://github.com/tacogips/google-gateway-auth.git",
      "state" : {
        "revision" : "48e0112fb5eb057cf012194cfffaa2581ba29d76"
      }
    }
  ],
  "version" : 3
}
