{
  "originHash" : "aa12a6e22108068f01add6ef887f23510d6cb24fb73d5fe8be95f09e09886cb5",
  "pins" : [
    {
      "identity" : "google-gateway-auth",
      "kind" : "remoteSourceControl",
      "location" : "https://github.com/tacogips/google-gateway-auth.git",
      "state" : {
        "revision" : "13c40e24b11da9bab17046a918630fbb6aa6c147"
      }
    }
  ],
  "version" : 3
}
