{
  "originHash" : "6493db98168caad512d29e8787680b695eed2eca208deeb14ce0f82b3cf25968",
  "pins" : [
    {
      "identity" : "google-gateway-auth",
      "kind" : "remoteSourceControl",
      "location" : "https://github.com/tacogips/google-gateway-auth.git",
      "state" : {
        "revision" : "258c3b74c58fa8df8fdcea617d419c4d0cab7628"
      }
    }
  ],
  "version" : 3
}
